
Microsoft Visual Studio Solution File, Format Version 12.00
Project("{FAE04EC0-301F-11D3-BF4B-00C04F79EFBC}") = "parse", "parse\parse.csproj", "{37C893E0-5B66-47A3-AD41-026D90127473}"
EndProject
Global
	GlobalSection(SolutionConfigurationPlatforms) = preSolution
		Debug|Any CPU = Debug|Any CPU
		Release|Any CPU = Release|Any CPU
	EndGlobalSection
	GlobalSection(ProjectConfigurationPlatforms) = postSolution
		{37C893E0-5B66-47A3-AD41-026D90127473}.Debug|Any CPU.ActiveCfg = Debug|Any CPU
		{37C893E0-5B66-47A3-AD41-026D90127473}.Debug|Any CPU.Build.0 = Debug|Any CPU
		{37C893E0-5B66-47A3-AD41-026D90127473}.Release|Any CPU.ActiveCfg = Release|Any CPU
		{37C893E0-5B66-47A3-AD41-026D90127473}.Release|Any CPU.Build.0 = Release|Any CPU
	EndGlobalSection
EndGlobal
